
Microsoft Visual Studio Solution File, Format Version 10.00
# Visual Studio 2008
Project("{8BC9CEB8-8B4A-11D0-8D11-00A0C91BC942}") = "miniblink_demo", "miniblink_demo\miniblink_demo.vcproj", "{212C1CFC-DC0A-4FFA-84EC-4C1EE521C867}"
EndProject
Global
	GlobalSection(SolutionConfigurationPlatforms) = preSolution
		Debug|Win32 = Debug|Win32
		Release|Win32 = Release|Win32
	EndGlobalSection
	GlobalSection(ProjectConfigurationPlatforms) = postSolution
		{212C1CFC-DC0A-4FFA-84EC-4C1EE521C867}.Debug|Win32.ActiveCfg = Debug|Win32
		{212C1CFC-DC0A-4FFA-84EC-4C1EE521C867}.Debug|Win32.Build.0 = Debug|Win32
		{212C1CFC-DC0A-4FFA-84EC-4C1EE521C867}.Release|Win32.ActiveCfg = Release|Win32
		{212C1CFC-DC0A-4FFA-84EC-4C1EE521C867}.Release|Win32.Build.0 = Release|Win32
	EndGlobalSection
	GlobalSection(SolutionProperties) = preSolution
		HideSolutionNode = FALSE
	EndGlobalSection
EndGlobal
